version: 7
platforms:
- name: linux-64
  virtual-packages:
  - __unix=0=0
  - __linux=4.18
  - __glibc=2.28
  - __archspec=0=x86_64
- name: linux-aarch64
  virtual-packages:
  - __unix=0=0
  - __linux=4.18
  - __glibc=2.28
  - __archspec=0=aarch64
- name: osx-64
  virtual-packages:
  - __unix=0=0
  - __osx=13.0
  - __archspec=0=x86_64
environments:
  default:
    channels:
    - url: https://conda.anaconda.org/conda-forge/
    packages:
      linux-64:
      - conda: https://conda.anaconda.org/conda-forge/linux-64/_openmp_mutex-4.5-20_gnu.conda
      - conda: https://conda.anaconda.org/conda-forge/linux-64/binutils_impl_linux-64-2.46.1-default_hfdba357_102.conda
      - conda: https://conda.anaconda.org/conda-forge/linux-64/binutils_linux-64-2.46.1-default_h4852527_102.conda
      - conda: https://conda.anaconda.org/conda-forge/linux-64/gcc_impl_linux-64-16.2.0-h9891192_7.conda
      - conda: https://conda.anaconda.org/conda-forge/linux-64/gcc_linux-64-16.2.0-h0ab548f_2.conda
      - conda: https://conda.anaconda.org/conda-forge/linux-64/gxx_impl_linux-64-16.2.0-h0d273dc_7.conda
      - conda: https://conda.anaconda.org/conda-forge/linux-64/gxx_linux-64-16.2.0-h23aca61_2.conda
      - conda: https://conda.anaconda.org/conda-forge/linux-64/ld_impl_linux-64-2.46.1-default_hbd61a6d_102.conda
      - conda: https://conda.anaconda.org/conda-forge/linux-64/libgcc-16.2.0-ha9f2e26_7.conda
      - conda: https://conda.anaconda.org/conda-forge/linux-64/libgcc-ng-16.2.0-h69a702a_7.conda
      - conda: https://conda.anaconda.org/conda-forge/linux-64/libgomp-16.2.0-he0feb66_7.conda
      - conda: https://conda.anaconda.org/conda-forge/linux-64/libsanitizer-16.2.0-h3048135_7.conda
      - conda: https://conda.anaconda.org/conda-forge/linux-64/libstdcxx-16.2.0-h934c35e_7.conda
      - conda: https://conda.anaconda.org/conda-forge/linux-64/libstdcxx-ng-16.2.0-hdf11a46_7.conda
      - conda: https://conda.anaconda.org/conda-forge/linux-64/libzlib-1.3.2-h25fd6f3_3.conda
      - conda: https://conda.anaconda.org/conda-forge/linux-64/nim-2.2.6-hecca717_0.conda
      - conda: https://conda.anaconda.org/conda-forge/linux-64/openssl-4.0.3-h781a0a9_0.conda
      - conda: https://conda.anaconda.org/conda-forge/linux-64/pcre-8.45-h9c3ff4c_0.tar.bz2
      - conda: https://conda.anaconda.org/conda-forge/linux-64/zstd-1.5.7-hb78ec9c_7.conda
      - conda: https://conda.anaconda.org/conda-forge/noarch/ca-certificates-2026.7.22-hbd8a1cb_0.conda
      - conda: https://conda.anaconda.org/conda-forge/noarch/kernel-headers_linux-64-4.18.0-he073ed8_9.conda
      - conda: https://conda.anaconda.org/conda-forge/noarch/libgcc-devel_linux-64-16.2.0-he3ce08f_107.conda
      - conda: https://conda.anaconda.org/conda-forge/noarch/libstdcxx-devel_linux-64-16.2.0-h86e191b_107.conda
      - conda: https://conda.anaconda.org/conda-forge/noarch/sysroot_linux-64-2.28-h4ee821c_9.conda
      - conda: https://conda.anaconda.org/conda-forge/noarch/tzdata-2026c-h151e31d_0.conda
      linux-aarch64:
      - conda: https://conda.anaconda.org/conda-forge/linux-aarch64/_openmp_mutex-4.5-20_gnu.conda
      - conda: https://conda.anaconda.org/conda-forge/linux-aarch64/binutils_impl_linux-aarch64-2.46.1-default_h5f4c503_102.conda
      - conda: https://conda.anaconda.org/conda-forge/linux-aarch64/binutils_linux-aarch64-2.46.1-default_hf1166c9_102.conda
      - conda: https://conda.anaconda.org/conda-forge/linux-aarch64/gcc_impl_linux-aarch64-16.2.0-h5425ead_7.conda
      - conda: https://conda.anaconda.org/conda-forge/linux-aarch64/gcc_linux-aarch64-16.2.0-h25cc031_2.conda
      - conda: https://conda.anaconda.org/conda-forge/linux-aarch64/gxx_impl_linux-aarch64-16.2.0-h1e3c31f_7.conda
      - conda: https://conda.anaconda.org/conda-forge/linux-aarch64/gxx_linux-aarch64-16.2.0-h423111d_2.conda
      - conda: https://conda.anaconda.org/conda-forge/linux-aarch64/ld_impl_linux-aarch64-2.46.1-default_h1979696_102.conda
      - conda: https://conda.anaconda.org/conda-forge/linux-aarch64/libgcc-16.2.0-h205dda4_7.conda
      - conda: https://conda.anaconda.org/conda-forge/linux-aarch64/libgcc-ng-16.2.0-he9431aa_7.conda
      - conda: https://conda.anaconda.org/conda-forge/linux-aarch64/libgomp-16.2.0-h8acb6b2_7.conda
      - conda: https://conda.anaconda.org/conda-forge/linux-aarch64/libsanitizer-16.2.0-h73cac2c_7.conda
      - conda: https://conda.anaconda.org/conda-forge/linux-aarch64/libstdcxx-16.2.0-hef695bb_7.conda
      - conda: https://conda.anaconda.org/conda-forge/linux-aarch64/libstdcxx-ng-16.2.0-hdbbeba8_7.conda
      - conda: https://conda.anaconda.org/conda-forge/linux-aarch64/libzlib-1.3.2-hdc9db2a_3.conda
      - conda: https://conda.anaconda.org/conda-forge/linux-aarch64/nim-2.2.6-hfae3067_0.conda
      - conda: https://conda.anaconda.org/conda-forge/linux-aarch64/openssl-4.0.3-he6ad1d5_0.conda
      - conda: https://conda.anaconda.org/conda-forge/linux-aarch64/pcre-8.45-h01db608_0.tar.bz2
      - conda: https://conda.anaconda.org/conda-forge/linux-aarch64/zstd-1.5.7-h9d15635_7.conda
      - conda: https://conda.anaconda.org/conda-forge/noarch/ca-certificates-2026.7.22-hbd8a1cb_0.conda
      - conda: https://conda.anaconda.org/conda-forge/noarch/kernel-headers_linux-aarch64-4.18.0-h05a177a_9.conda
      - conda: https://conda.anaconda.org/conda-forge/noarch/libgcc-devel_linux-aarch64-16.2.0-hc0c2482_107.conda
      - conda: https://conda.anaconda.org/conda-forge/noarch/libstdcxx-devel_linux-aarch64-16.2.0-h082e5f6_107.conda
      - conda: https://conda.anaconda.org/conda-forge/noarch/sysroot_linux-aarch64-2.28-h585391f_9.conda
      - conda: https://conda.anaconda.org/conda-forge/noarch/tzdata-2026c-h151e31d_0.conda
      osx-64:
      - conda: https://conda.anaconda.org/conda-forge/noarch/ca-certificates-2026.7.22-hbd8a1cb_0.conda
      - conda: https://conda.anaconda.org/conda-forge/noarch/compiler-rt23_osx-64-23.1.1-h8d5f570_0.conda
      - conda: https://conda.anaconda.org/conda-forge/noarch/compiler-rt_osx-64-23.1.1-h694c41f_0.conda
      - conda: https://conda.anaconda.org/conda-forge/noarch/libcxx-headers-23.1.2-h707e725_0.conda
      - conda: https://conda.anaconda.org/conda-forge/noarch/sdkroot_env_osx-64-26.0-h62b880e_7.conda
      - conda: https://conda.anaconda.org/conda-forge/osx-64/cctools_impl_osx-64-1030.6.3-llvm23_1_h3bd330e_6.conda
      - conda: https://conda.anaconda.org/conda-forge/osx-64/cctools_osx-64-1030.6.3-llvm23_1_h254e556_6.conda
      - conda: https://conda.anaconda.org/conda-forge/osx-64/clang-23-23.1.1-default_h657ec97_0.conda
      - conda: https://conda.anaconda.org/conda-forge/osx-64/clang-scan-deps-23.1.1-default_h6e863b9_0.conda
      - conda: https://conda.anaconda.org/conda-forge/osx-64/clang_impl_osx-64-23.1.1-default_h6e863b9_0.conda
      - conda: https://conda.anaconda.org/conda-forge/osx-64/clang_osx-64-23.1.1-hb16dbcb_34.conda
      - conda: https://conda.anaconda.org/conda-forge/osx-64/clangxx_impl_osx-64-23.1.1-default_hbbb627c_0.conda
      - conda: https://conda.anaconda.org/conda-forge/osx-64/clangxx_osx-64-23.1.1-hb16dbcb_34.conda
      - conda: https://conda.anaconda.org/conda-forge/osx-64/compiler-rt-23.1.1-h694c41f_0.conda
      - conda: https://conda.anaconda.org/conda-forge/osx-64/compiler-rt23-23.1.1-h8c1e6b9_0.conda
      - conda: https://conda.anaconda.org/conda-forge/osx-64/ld64_osx-64-956.6-llvm23_1_h484b24f_6.conda
      - conda: https://conda.anaconda.org/conda-forge/osx-64/libclang-cpp23.1-23.1.1-default_h6e863b9_0.conda
      - conda: https://conda.anaconda.org/conda-forge/osx-64/libclang13-23.1.1-default_h657ec97_0.conda
      - conda: https://conda.anaconda.org/conda-forge/osx-64/libcompiler-rt-23.1.1-h8c1e6b9_0.conda
      - conda: https://conda.anaconda.org/conda-forge/osx-64/libcxx-23.1.2-h19cb2f5_0.conda
      - conda: https://conda.anaconda.org/conda-forge/osx-64/libcxx-devel-23.1.2-h7c275be_0.conda
      - conda: https://conda.anaconda.org/conda-forge/osx-64/libiconv-1.18-h4ae439b_3.conda
      - conda: https://conda.anaconda.org/conda-forge/osx-64/libllvm23-23.1.2-hd11396f_0.conda
      - conda: https://conda.anaconda.org/conda-forge/osx-64/liblzma-5.8.3-hbb4bfdb_1.conda
      - conda: https://conda.anaconda.org/conda-forge/osx-64/libsigtool-0.1.3-h8c25ef7_1.conda
      - conda: https://conda.anaconda.org/conda-forge/osx-64/libxml2-16-2.15.4-h341e563_0.conda
      - conda: https://conda.anaconda.org/conda-forge/osx-64/libxml2-2.15.4-h3668fe6_0.conda
      - conda: https://conda.anaconda.org/conda-forge/osx-64/libzlib-1.3.2-hbb4bfdb_3.conda
      - conda: https://conda.anaconda.org/conda-forge/osx-64/llvm-tools-23-23.1.2-h36529c3_0.conda
      - conda: https://conda.anaconda.org/conda-forge/osx-64/llvm-tools-23.1.2-h8c1e6b9_0.conda
      - conda: https://conda.anaconda.org/conda-forge/osx-64/ncurses-6.6-hcc0dc9a_1.conda
      - conda: https://conda.anaconda.org/conda-forge/osx-64/nim-2.2.6-heffb93a_0.conda
      - conda: https://conda.anaconda.org/conda-forge/osx-64/openssl-3.6.4-h332eb6d_0.conda
      - conda: https://conda.anaconda.org/conda-forge/osx-64/pcre-8.45-he49afe7_0.tar.bz2
      - conda: https://conda.anaconda.org/conda-forge/osx-64/sigtool-codesign-0.1.3-h8c25ef7_1.conda
      - conda: https://conda.anaconda.org/conda-forge/osx-64/tapi-1600.0.11.8-h44950e2_4.conda
      - conda: https://conda.anaconda.org/conda-forge/osx-64/zstd-1.5.7-hbc1a06c_7.conda
packages:
- conda: https://conda.anaconda.org/conda-forge/linux-64/_openmp_mutex-4.5-20_gnu.conda
  build_number: 20
  sha256: 1dd3fffd892081df9726d7eb7e0dea6198962ba775bd88842135a4ddb4deb3c9
  md5: a9f577daf3de00bca7c3c76c0ecbd1de
  depends:
  - __glibc >=2.17,<3.0.a0
  - libgomp >=7.5.0
  constrains:
  - openmp_impl <0.0a0
  license: BSD-3-Clause
  license_family: BSD
  run_exports:
    strong:
    - _openmp_mutex >=4.5
  size: 28948
  timestamp: 1770939786096
- conda: https://conda.anaconda.org/conda-forge/linux-64/binutils_impl_linux-64-2.46.1-default_hfdba357_102.conda
  sha256: fb7bf36984a37ce7e4714d1d1da0bd0e3bfc679520f5cdc184afc676fd4b5da2
  md5: a0c5e0b7f58c8ceeb08e5bc41251d5a2
  depends:
  - ld_impl_linux-64 2.46.1 default_hbd61a6d_102
  - sysroot_linux-64
  - zstd >=1.5.7,<1.6.0a0
  license: GPL-3.0-only
  license_family: GPL
  run_exports: {}
  size: 3713752
  timestamp: 1784214522814
- conda: https://conda.anaconda.org/conda-forge/linux-64/binutils_linux-64-2.46.1-default_h4852527_102.conda
  sha256: 08d7238663fc408ba2ab60b02fa3d06a7ca9d872962e03e90c7e0fdecb7ed1d0
  md5: 32fd07abe84eb14f17c7f5cc6fa8df82
  depends:
  - binutils_impl_linux-64 2.46.1 default_hfdba357_102
  license: GPL-3.0-only
  license_family: GPL
  run_exports: {}
  size: 36337
  timestamp: 1784214551894
- conda: https://conda.anaconda.org/conda-forge/linux-64/gcc_impl_linux-64-16.2.0-h9891192_7.conda
  sha256: 14acaa661e4c4ef6c65606612b8b08f8f079c6a9e6da3ffcb77056685c675651
  md5: f548b09900fed2701931f8cf925d8b9b
  depends:
  - binutils_impl_linux-64 >=2.46.1
  - libgcc >=16.2.0
  - libgcc-devel_linux-64 16.2.0 he3ce08f_107
  - libgomp >=16.2.0
  - libsanitizer 16.2.0 h3048135_7
  - libstdcxx >=16.2.0
  - libstdcxx-devel_linux-64 16.2.0 h86e191b_107
  - sysroot_linux-64
  license: GPL-3.0-only WITH GCC-exception-3.1
  license_family: GPL
  run_exports: {}
  size: 86085260
  timestamp: 1790303193926
- conda: https://conda.anaconda.org/conda-forge/linux-64/gcc_linux-64-16.2.0-h0ab548f_2.conda
  sha256: b9817e310019a9c8b79e46335c87e478c7646d2fcc727cc53bb5a3e8ce276c1d
  md5: 3928593d74a0b17f84fba5977cb7023d
  depends:
  - gcc_impl_linux-64 16.2.0.*
  - binutils_linux-64
  - sysroot_linux-64
  license: BSD-3-Clause
  license_family: BSD
  run_exports:
    strong:
    - libgcc >=16
  size: 30371
  timestamp: 1789573357529
- conda: https://conda.anaconda.org/conda-forge/linux-64/gxx_impl_linux-64-16.2.0-h0d273dc_7.conda
  sha256: f873532a86ce9073a7255dec909472c2a271a57db938f383b630a3caa0b47709
  md5: ea011fbfe6ce5b3a74a8e34fc9c8481a
  depends:
  - gcc_impl_linux-64 16.2.0 h9891192_7
  - libstdcxx-devel_linux-64 16.2.0 h86e191b_107
  - sysroot_linux-64
  - tzdata
  license: GPL-3.0-only WITH GCC-exception-3.1
  license_family: GPL
  run_exports: {}
  size: 16987505
  timestamp: 1790303362251
- conda: https://conda.anaconda.org/conda-forge/linux-64/gxx_linux-64-16.2.0-h23aca61_2.conda
  sha256: b3dfa09210788fff127a5b7f3aa0ab1f9a83627ae7bd45e8aa5bb6dcf9039bef
  md5: 38b21695fc42aa9bf6d4883e45a80fd9
  depends:
  - gxx_impl_linux-64 16.2.0.*
  - gcc_linux-64 ==16.2.0 h0ab548f_2
  - binutils_linux-64
  - sysroot_linux-64
  license: BSD-3-Clause
  license_family: BSD
  run_exports:
    strong:
    - libstdcxx >=16
    - libgcc >=16
  size: 28780
  timestamp: 1789573357529
- conda: https://conda.anaconda.org/conda-forge/linux-64/ld_impl_linux-64-2.46.1-default_hbd61a6d_102.conda
  sha256: 27d83f1188cd19bcb7754a078b3fa7f4cfb8527f8eb2fde54dd01fc529d1adec
  md5: 449500f2c089da11c40f5c21312e3e07
  depends:
  - __glibc >=2.17,<3.0.a0
  - zstd >=1.5.7,<1.6.0a0
  constrains:
  - binutils_impl_linux-64 2.46.1
  license: GPL-3.0-only
  license_family: GPL
  run_exports: {}
  size: 745303
  timestamp: 1784214507189
- conda: https://conda.anaconda.org/conda-forge/linux-64/libgcc-16.2.0-ha9f2e26_7.conda
  sha256: e031634c3a928f9594eba868bc46ef5230d6571a364a0c63215b06c4563bfcea
  md5: 735629b400b70eeab21a2ba8f5b1c2ce
  depends:
  - __glibc >=2.17,<3.0.a0
  - _openmp_mutex >=4.5
  constrains:
  - libgcc-ng ==16.2.0=*_7
  - libgomp 16.2.0 he0feb66_7
  license: GPL-3.0-only WITH GCC-exception-3.1
  license_family: GPL
  run_exports: {}
  size: 1058444
  timestamp: 1790303109576
- conda: https://conda.anaconda.org/conda-forge/linux-64/libgcc-ng-16.2.0-h69a702a_7.conda
  sha256: 03b54d7008de080a17cc2174b0e4acd6d06e1c981b2eb19846f46d8f59966034
  md5: 2005515ac9340f816fb2ac7e83afe553
  depends:
  - libgcc 16.2.0 ha9f2e26_7
  license: GPL-3.0-only WITH GCC-exception-3.1
  license_family: GPL
  run_exports:
    strong:
    - libgcc
  size: 28616
  timestamp: 1790303114248
- conda: https://conda.anaconda.org/conda-forge/linux-64/libgomp-16.2.0-he0feb66_7.conda
  sha256: 92a0bb350c7be6a4eedcb4e111c60aefd176018e6b1c009a6e025dbe9bbcd758
  md5: d904c7ddd95e026254b4b80808ee9e12
  depends:
  - __glibc >=2.17,<3.0.a0
  license: GPL-3.0-only WITH GCC-exception-3.1
  license_family: GPL
  run_exports:
    strong:
    - _openmp_mutex >=4.5
  size: 640566
  timestamp: 1790303046034
- conda: https://conda.anaconda.org/conda-forge/linux-64/libsanitizer-16.2.0-h3048135_7.conda
  sha256: e383569c331239308a8663facb76208fc0e141131ff3d17c1c2e50f34716a5a9
  md5: 9cdd9af432fa4eb62094aaf6211425bf
  depends:
  - __glibc >=2.17,<3.0.a0
  - libgcc >=16.2.0
  - libstdcxx >=16.2.0
  license: GPL-3.0-only WITH GCC-exception-3.1
  license_family: GPL
  run_exports:
    weak:
    - libsanitizer 16.2.0
  size: 8115383
  timestamp: 1790303148068
- conda: https://conda.anaconda.org/conda-forge/linux-64/libstdcxx-16.2.0-h934c35e_7.conda
  sha256: fa7018298629fc429971fffd6ecba3d27a7b02e4e890d6a93ea01ffebe8cb745
  md5: 9b6707e0caca917fa6ea9ee473f37a5d
  depends:
  - __glibc >=2.17,<3.0.a0
  - libgcc 16.2.0 ha9f2e26_7
  constrains:
  - libstdcxx-ng ==16.2.0=*_7
  license: GPL-3.0-only WITH GCC-exception-3.1
  license_family: GPL
  run_exports: {}
  size: 6615436
  timestamp: 1790303132935
- conda: https://conda.anaconda.org/conda-forge/linux-64/libstdcxx-ng-16.2.0-hdf11a46_7.conda
  sha256: 337f481db36cc357884f05f404ccd1b3a7e0fc1ee48ec5c884e4281d213bc863
  md5: 25a23bde5e26d548374f3e02b4669670
  depends:
  - libstdcxx 16.2.0 h934c35e_7
  license: GPL-3.0-only WITH GCC-exception-3.1
  license_family: GPL
  run_exports:
    strong:
    - libstdcxx
  size: 28665
  timestamp: 1790303164510
- conda: https://conda.anaconda.org/conda-forge/linux-64/libzlib-1.3.2-h25fd6f3_3.conda
  sha256: eb8a0db0aa570124f7d2a93d7c7f596e3390df5e047818d873baad32985fc736
  md5: 0de0122d9570a8ab637c6b73db268389
  depends:
  - __glibc >=2.17,<3.0.a0
  constrains:
  - zlib 1.3.2 *_3
  license: Zlib
  license_family: Other
  run_exports:
    weak:
    - libzlib >=1.3.2,<2.0a0
  size: 63713
  timestamp: 1785362952714
- conda: https://conda.anaconda.org/conda-forge/linux-64/nim-2.2.6-hecca717_0.conda
  sha256: 77cb2fd37537d63982eb7780319a4cd3ebb37ee267e0af78ed788362968f7ac6
  md5: 016c8f53d320ae3546acddcb635f3f58
  depends:
  - __glibc >=2.17,<3.0.a0
  - gcc_linux-64
  - gxx_linux-64
  - libgcc >=14
  - libstdcxx >=14
  - openssl >=1.1
  - pcre
  license: MIT
  license_family: MIT
  run_exports: {}
  size: 12752093
  timestamp: 1762145708914
- conda: https://conda.anaconda.org/conda-forge/linux-64/openssl-4.0.3-h781a0a9_0.conda
  sha256: e6fdc808162286e3d23b6666af47d436425664bc85bbaf3e747ed3001ff8a30b
  md5: 36b3db499904fb2f8c00cfa271677288
  depends:
  - __glibc >=2.17,<3.0.a0
  - ca-certificates
  - libgcc >=15
  license: Apache-2.0
  license_family: Apache
  run_exports:
    weak:
    - openssl >=4.0.3,<5.0a0
  size: 3180009
  timestamp: 1790700754797
- conda: https://conda.anaconda.org/conda-forge/linux-64/pcre-8.45-h9c3ff4c_0.tar.bz2
  sha256: 8f35c244b1631a4f31fb1d66ab6e1d9bfac0ca9b679deced1112c7225b3ad138
  md5: c05d1820a6d34ff07aaaab7a9b7eddaa
  depends:
  - libgcc-ng >=9.3.0
  - libstdcxx-ng >=9.3.0
  license: BSD-3-Clause
  license_family: BSD
  run_exports:
    weak:
    - pcre >=8.45,<9.0a0
  size: 259377
  timestamp: 1623788789327
- conda: https://conda.anaconda.org/conda-forge/linux-64/zstd-1.5.7-hb78ec9c_7.conda
  sha256: 47d682b9f6d6ec9eb1a6e6c3e75ea6273e899e78fb7fc59f81d39745009fbc60
  md5: aa459086047c0e5e27023ab19f8cb86a
  depends:
  - __glibc >=2.17,<3.0.a0
  - libzlib >=1.3.2,<2.0a0
  license: BSD-3-Clause
  license_family: BSD
  run_exports:
    weak:
    - zstd >=1.5.7,<1.6.0a0
  size: 601301
  timestamp: 1786599621503
- conda: https://conda.anaconda.org/conda-forge/linux-aarch64/_openmp_mutex-4.5-20_gnu.conda
  build_number: 20
  sha256: a2527b1d81792a0ccd2c05850960df119c2b6d8f5fdec97f2db7d25dc23b1068
  md5: 468fd3bb9e1f671d36c2cbc677e56f1d
  depends:
  - libgomp >=7.5.0
  constrains:
  - openmp_impl <0.0a0
  license: BSD-3-Clause
  license_family: BSD
  run_exports:
    strong:
    - _openmp_mutex >=4.5
  size: 28926
  timestamp: 1770939656741
- conda: https://conda.anaconda.org/conda-forge/linux-aarch64/binutils_impl_linux-aarch64-2.46.1-default_h5f4c503_102.conda
  sha256: eebe159bf600943552e4319ff4ce27b6a2dadf0dcc5443e76dcee9259a408e11
  md5: 58f37d76b8234c69dbf2939d511bea0b
  depends:
  - ld_impl_linux-aarch64 2.46.1 default_h1979696_102
  - sysroot_linux-aarch64
  - zstd >=1.5.7,<1.6.0a0
  license: GPL-3.0-only
  license_family: GPL
  run_exports: {}
  size: 4677171
  timestamp: 1784214549910
- conda: https://conda.anaconda.org/conda-forge/linux-aarch64/binutils_linux-aarch64-2.46.1-default_hf1166c9_102.conda
  sha256: d41099a3fe2809a3ab3e4c718ecff4d5f8879e7949f3c8e8efa97fa06a90248c
  md5: 9a340123cb7217eae51c5cae24484631
  depends:
  - binutils_impl_linux-aarch64 2.46.1 default_h5f4c503_102
  license: GPL-3.0-only
  license_family: GPL
  run_exports: {}
  size: 36196
  timestamp: 1784214578949
- conda: https://conda.anaconda.org/conda-forge/linux-aarch64/gcc_impl_linux-aarch64-16.2.0-h5425ead_7.conda
  sha256: eaf481958a862ed63c66baa572753f3c3e2cd6e690fd5abd1cc3088fdde4a323
  md5: a776ce379abbde6656380f78f4767c9c
  depends:
  - binutils_impl_linux-aarch64 >=2.46.1
  - libgcc >=16.2.0
  - libgcc-devel_linux-aarch64 16.2.0 hc0c2482_107
  - libgomp >=16.2.0
  - libsanitizer 16.2.0 h73cac2c_7
  - libstdcxx >=16.2.0
  - libstdcxx-devel_linux-aarch64 16.2.0 h082e5f6_107
  - sysroot_linux-aarch64
  license: GPL-3.0-only WITH GCC-exception-3.1
  license_family: GPL
  run_exports: {}
  size: 76870083
  timestamp: 1790302426116
- conda: https://conda.anaconda.org/conda-forge/linux-aarch64/gcc_linux-aarch64-16.2.0-h25cc031_2.conda
  sha256: 5052e2a8de79d0beca4a512775ea89cacd843f4f36c0bcb9bce9629b7962395d
  md5: 243f3b6fa9b91424dbb79d34aade7c15
  depends:
  - gcc_impl_linux-aarch64 16.2.0.*
  - binutils_linux-aarch64
  - sysroot_linux-aarch64
  license: BSD-3-Clause
  license_family: BSD
  run_exports:
    strong:
    - libgcc >=16
  size: 30120
  timestamp: 1789573319484
- conda: https://conda.anaconda.org/conda-forge/linux-aarch64/gxx_impl_linux-aarch64-16.2.0-h1e3c31f_7.conda
  sha256: 0a865dc69ecb1f4ac092878840723d8208ce4b8837f79d53b8b2f0e737cf057d
  md5: 627523c5fd9861d34eddc2d5f9440138
  depends:
  - gcc_impl_linux-aarch64 16.2.0 h5425ead_7
  - libstdcxx-devel_linux-aarch64 16.2.0 h082e5f6_107
  - sysroot_linux-aarch64
  - tzdata
  license: GPL-3.0-only WITH GCC-exception-3.1
  license_family: GPL
  run_exports: {}
  size: 16198193
  timestamp: 1790302629492
- conda: https://conda.anaconda.org/conda-forge/linux-aarch64/gxx_linux-aarch64-16.2.0-h423111d_2.conda
  sha256: 97266510f96dbd437313943aed2d365598d91d501a28209a86186f371d2c1e72
  md5: daa3bb9422f3401332b42e86bccfa0f8
  depends:
  - gxx_impl_linux-aarch64 16.2.0.*
  - gcc_linux-aarch64 ==16.2.0 h25cc031_2
  - binutils_linux-aarch64
  - sysroot_linux-aarch64
  license: BSD-3-Clause
  license_family: BSD
  run_exports:
    strong:
    - libstdcxx >=16
    - libgcc >=16
  size: 28563
  timestamp: 1789573319484
- conda: https://conda.anaconda.org/conda-forge/linux-aarch64/ld_impl_linux-aarch64-2.46.1-default_h1979696_102.conda
  sha256: 2c4901f4227b0850328ed0c69f958b30ad2cd18982f7a31c7c1f911827004d08
  md5: 489444d0acb2a579d2a002d85a08c059
  depends:
  - zstd >=1.5.7,<1.6.0a0
  constrains:
  - binutils_impl_linux-aarch64 2.46.1
  license: GPL-3.0-only
  license_family: GPL
  run_exports: {}
  size: 905305
  timestamp: 1784214534868
- conda: https://conda.anaconda.org/conda-forge/linux-aarch64/libgcc-16.2.0-h205dda4_7.conda
  sha256: eae7a3449d5a3b5351c5427137c076cc3fc826645c7bfc42dc10772b783826f1
  md5: 489d5c9dc62265b3f6a57f9a106f1caf
  depends:
  - _openmp_mutex >=4.5
  constrains:
  - libgcc-ng ==16.2.0=*_7
  - libgomp 16.2.0 h8acb6b2_7
  license: GPL-3.0-only WITH GCC-exception-3.1
  license_family: GPL
  run_exports: {}
  size: 627793
  timestamp: 1790302345214
- conda: https://conda.anaconda.org/conda-forge/linux-aarch64/libgcc-ng-16.2.0-he9431aa_7.conda
  sha256: d7502682cfce6f51aabd40bba63cd6b46db3d3e4b67abdb00f54ae72332523db
  md5: 2fb8fda15618277477f6dfd0e3c0d4a9
  depends:
  - libgcc 16.2.0 h205dda4_7
  license: GPL-3.0-only WITH GCC-exception-3.1
  license_family: GPL
  run_exports:
    strong:
    - libgcc
  size: 28711
  timestamp: 1790302349238
- conda: https://conda.anaconda.org/conda-forge/linux-aarch64/libgomp-16.2.0-h8acb6b2_7.conda
  sha256: 4406fd67c5beeb99b9372f9bf07aa3e40ca141e337eceebac3ff64aa72799494
  md5: 259ded79ac497cfbcf5434540e8b81b6
  license: GPL-3.0-only WITH GCC-exception-3.1
  license_family: GPL
  run_exports:
    strong:
    - _openmp_mutex >=4.5
  size: 617342
  timestamp: 1790302273072
- conda: https://conda.anaconda.org/conda-forge/linux-aarch64/libsanitizer-16.2.0-h73cac2c_7.conda
  sha256: 915f80d14bd9daf2357a5261443fd06e222f829aeef56fb6865ec7fcb1de9bdf
  md5: 868966b3c0d699ad39ed460cd18fba9f
  depends:
  - libgcc >=16.2.0
  - libstdcxx >=16.2.0
  license: GPL-3.0-only WITH GCC-exception-3.1
  license_family: GPL
  run_exports:
    weak:
    - libsanitizer 16.2.0
  size: 7956048
  timestamp: 1790302381894
- conda: https://conda.anaconda.org/conda-forge/linux-aarch64/libstdcxx-16.2.0-hef695bb_7.conda
  sha256: b241a3acfa9cdb1359112864a1241225533c92642de3000d52ae65ef5d3a9786
  md5: 6c823668e78160957d1b061ceec15c2c
  depends:
  - libgcc 16.2.0 h205dda4_7
  constrains:
  - libstdcxx-ng ==16.2.0=*_7
  license: GPL-3.0-only WITH GCC-exception-3.1
  license_family: GPL
  run_exports: {}
  size: 6236630
  timestamp: 1790302364054
- conda: https://conda.anaconda.org/conda-forge/linux-aarch64/libstdcxx-ng-16.2.0-hdbbeba8_7.conda
  sha256: cfe644e4cf78302e605f7dc1cfa23ee4edabf5b72f84c92436f5f51c3003542c
  md5: c2972e53fa11afd6ebc6a8b9a25c104d
  depends:
  - libstdcxx 16.2.0 hef695bb_7
  license: GPL-3.0-only WITH GCC-exception-3.1
  license_family: GPL
  run_exports:
    strong:
    - libstdcxx
  size: 28760
  timestamp: 1790302398534
- conda: https://conda.anaconda.org/conda-forge/linux-aarch64/libzlib-1.3.2-hdc9db2a_3.conda
  sha256: 76efa6cc9d7e6f5ee3bbca0939f64054af2bdfb3c3632531f8e633cf6c2ea41e
  md5: bd534c2fbe56d8c2ea3b2d8f5e12bca8
  constrains:
  - zlib 1.3.2 *_3
  license: Zlib
  license_family: Other
  run_exports:
    weak:
    - libzlib >=1.3.2,<2.0a0
  size: 70108
  timestamp: 1785276540870
- conda: https://conda.anaconda.org/conda-forge/linux-aarch64/nim-2.2.6-hfae3067_0.conda
  sha256: ce48bfd0b10824473be4bdd588f84b446f210776648a0941b8b730e771a0c222
  md5: 2d1ded0f885f02ba4d502f74ee3d6561
  depends:
  - gcc_linux-aarch64
  - gxx_linux-aarch64
  - libgcc >=14
  - libstdcxx >=14
  - openssl >=1.1
  - pcre
  license: MIT
  license_family: MIT
  run_exports: {}
  size: 12788877
  timestamp: 1762160349305
- conda: https://conda.anaconda.org/conda-forge/linux-aarch64/openssl-4.0.3-he6ad1d5_0.conda
  sha256: aec2139a5665c5dfb179a5f5725e0719d9bbadec20d823e5f248fdb21e27b790
  md5: 3f6f16a34a283fa0c7da3a10e6dca9ca
  depends:
  - ca-certificates
  - libgcc >=15
  license: Apache-2.0
  license_family: Apache
  run_exports:
    weak:
    - openssl >=4.0.3,<5.0a0
  size: 3705962
  timestamp: 1790700762558
- conda: https://conda.anaconda.org/conda-forge/linux-aarch64/pcre-8.45-h01db608_0.tar.bz2
  sha256: 7a6062de76f695f6d8f0ddda0ff171e4b47e2b863d6012def440c7703aea0069
  md5: 3963d9f84749d6cdba1f12c65967ccd1
  depends:
  - libgcc-ng >=9.3.0
  - libstdcxx-ng >=9.3.0
  license: BSD-3-Clause
  license_family: BSD
  run_exports:
    weak:
    - pcre >=8.45,<9.0a0
  size: 249883
  timestamp: 1623793306266
- conda: https://conda.anaconda.org/conda-forge/linux-aarch64/zstd-1.5.7-h9d15635_7.conda
  sha256: 427fd14bcb3b8659796fecc682716617409350fb5a98e5b7b47558a10d1a2fc7
  md5: d942e34ac3920ba83f8b2d0169570187
  depends:
  - libzlib >=1.3.2,<2.0a0
  license: BSD-3-Clause
  license_family: BSD
  run_exports:
    weak:
    - zstd >=1.5.7,<1.6.0a0
  size: 615477
  timestamp: 1786599613561
- conda: https://conda.anaconda.org/conda-forge/noarch/ca-certificates-2026.7.22-hbd8a1cb_0.conda
  sha256: 0a0544cf95f64394fe4959286f5c71f5444ad58feb0602e53becb27448d24da6
  md5: 0f51e2391ade309db462a55611263e9c
  depends:
  - __unix
  license: ISC
  run_exports: {}
  size: 131780
  timestamp: 1784754889428
- conda: https://conda.anaconda.org/conda-forge/noarch/compiler-rt23_osx-64-23.1.1-h8d5f570_0.conda
  sha256: f91fee4c12a8da09503361f6be5ba96d410011abae3d11e123be05195d440d0a
  md5: 83692f5db0c6060004581a6097419218
  constrains:
  - compiler-rt >=9.0.1
  license: Apache-2.0 WITH LLVM-exception
  license_family: APACHE
  run_exports: {}
  size: 10642415
  timestamp: 1788955280604
- conda: https://conda.anaconda.org/conda-forge/noarch/compiler-rt_osx-64-23.1.1-h694c41f_0.conda
  sha256: cc63159e63e4d0103afe52a0c2dc49f19a59c8b7ca795036a79a681b11675acd
  md5: 132f7f9259e36cac87fb26542d162b4e
  depends:
  - compiler-rt23_osx-64 23.1.1 h8d5f570_0
  constrains:
  - clang 23.1.1
  license: Apache-2.0 WITH LLVM-exception
  license_family: APACHE
  run_exports: {}
  size: 16780
  timestamp: 1788955396624
- conda: https://conda.anaconda.org/conda-forge/noarch/kernel-headers_linux-64-4.18.0-he073ed8_9.conda
  sha256: 41557eeadf641de6aeae49486cef30d02a6912d8da98585d687894afd65b356a
  md5: 86d9cba083cd041bfbf242a01a7a1999
  constrains:
  - sysroot_linux-64 ==2.28
  license: LGPL-2.0-or-later AND LGPL-2.0-or-later WITH exceptions AND GPL-2.0-or-later
  license_family: GPL
  run_exports: {}
  size: 1278712
  timestamp: 1765578681495
- conda: https://conda.anaconda.org/conda-forge/noarch/kernel-headers_linux-aarch64-4.18.0-h05a177a_9.conda
  sha256: 5d224bf4df9bac24e69de41897c53756108c5271a0e5d2d2f66fd4e2fbc1d84b
  md5: bb3b7cad9005f2cbf9d169fb30263f3e
  constrains:
  - sysroot_linux-aarch64 ==2.28
  license: LGPL-2.0-or-later AND LGPL-2.0-or-later WITH exceptions AND GPL-2.0-or-later
  license_family: GPL
  run_exports: {}
  size: 1248134
  timestamp: 1765578613607
- conda: https://conda.anaconda.org/conda-forge/noarch/libcxx-headers-23.1.2-h707e725_0.conda
  sha256: 8f2231b686519f3779b639cc1de0c9a9f4926265056a3c356767bb605c0437a2
  md5: cf8dd154297974f974b9b0ad22ad1381
  depends:
  - __unix
  constrains:
  - clangxx >=19
  - libcxx-devel 23.1.2
  - gxx_osx-64 >=14
  - gxx_osx-arm64 >=14
  - gxx_linux-64 >=14
  license: Apache-2.0 WITH LLVM-exception
  license_family: Apache
  run_exports: {}
  size: 1170386
  timestamp: 1790163404123
- conda: https://conda.anaconda.org/conda-forge/noarch/libgcc-devel_linux-64-16.2.0-he3ce08f_107.conda
  sha256: f1e7465f6b53f89b325e441c30ad7b19407b051eca556b6d0386ec05513b8e76
  md5: f689d67c3e828fe80ff290d15f361bc5
  depends:
  - __unix
  license: GPL-3.0-only WITH GCC-exception-3.1
  license_family: GPL
  run_exports: {}
  size: 3099665
  timestamp: 1790302976359
- conda: https://conda.anaconda.org/conda-forge/noarch/libgcc-devel_linux-aarch64-16.2.0-hc0c2482_107.conda
  sha256: 3a0fc46d9ffe0bc98e825bfcc0409564435e74ae0ac094b484a89a296ed777ee
  md5: aae62596f02c43827f184be6556c729f
  depends:
  - __unix
  license: GPL-3.0-only WITH GCC-exception-3.1
  license_family: GPL
  run_exports: {}
  size: 2356775
  timestamp: 1790302264590
- conda: https://conda.anaconda.org/conda-forge/noarch/libstdcxx-devel_linux-64-16.2.0-h86e191b_107.conda
  sha256: ebbad84bdebd8a9964020d74dcce0f211f1431878c66326f6115dcb59e4c3469
  md5: a713d3c09518a9fc8f603ac0e157263c
  depends:
  - __unix
  license: GPL-3.0-only WITH GCC-exception-3.1
  license_family: GPL
  run_exports: {}
  size: 23329491
  timestamp: 1790303058123
- conda: https://conda.anaconda.org/conda-forge/noarch/libstdcxx-devel_linux-aarch64-16.2.0-h082e5f6_107.conda
  sha256: c46e0efb196a24e9192f160c124f8a1d927c7d191595a1dc993f30dc93a52497
  md5: e59742a8c562c9ba736d0c3e5e1cd810
  depends:
  - __unix
  license: GPL-3.0-only WITH GCC-exception-3.1
  license_family: GPL
  run_exports: {}
  size: 19818970
  timestamp: 1790302282858
- conda: https://conda.anaconda.org/conda-forge/noarch/sdkroot_env_osx-64-26.0-h62b880e_7.conda
  sha256: 7e7e2556978bc9bd9628c6e39138c684082320014d708fbca0c9050df98c0968
  md5: 68a978f77c0ba6ca10ce55e188a21857
  license: BSD-3-Clause
  license_family: BSD
  run_exports: {}
  size: 4948
  timestamp: 1771434185960
- conda: https://conda.anaconda.org/conda-forge/noarch/sysroot_linux-64-2.28-h4ee821c_9.conda
  sha256: c47299fe37aebb0fcf674b3be588e67e4afb86225be4b0d452c7eb75c086b851
  md5: 13dc3adbc692664cd3beabd216434749
  depends:
  - __glibc >=2.28
  - kernel-headers_linux-64 4.18.0 he073ed8_9
  - tzdata
  license: LGPL-2.0-or-later AND LGPL-2.0-or-later WITH exceptions AND GPL-2.0-or-later
  license_family: GPL
  run_exports:
    strong:
    - __glibc >=2.28,<3.0.a0
  size: 24008591
  timestamp: 1765578833462
- conda: https://conda.anaconda.org/conda-forge/noarch/sysroot_linux-aarch64-2.28-h585391f_9.conda
  sha256: 1bd2db6b2e451247bab103e4a0128cf6c7595dd72cb26d70f7fadd9edd1d1bc3
  md5: fdf07ab944a222ff28c754914fdb0740
  depends:
  - __glibc >=2.28
  - kernel-headers_linux-aarch64 4.18.0 h05a177a_9
  - tzdata
  license: LGPL-2.0-or-later AND LGPL-2.0-or-later WITH exceptions AND GPL-2.0-or-later
  license_family: GPL
  run_exports:
    strong:
    - __glibc >=2.28,<3.0.a0
  size: 23644746
  timestamp: 1765578629426
- conda: https://conda.anaconda.org/conda-forge/noarch/tzdata-2026c-h151e31d_0.conda
  sha256: b928c30ddcb0e3f544c6eade8352737e6e610e263276b90232db6a578ef899d8
  md5: fcb489df604d100968b737f2cb6076c6
  license: LicenseRef-Public-Domain
  run_exports: {}
  size: 118849
  timestamp: 1784250406640
- conda: https://conda.anaconda.org/conda-forge/osx-64/cctools_impl_osx-64-1030.6.3-llvm23_1_h3bd330e_6.conda
  sha256: 318a4ce9253a4808283b35dd09e1db36e07751a1a4ce1dc00312b00ae932e3c8
  md5: 5f7730ce84d5e1ce37e67376b099e8a5
  depends:
  - __osx >=11.0
  - ld64_osx-64 >=956.6,<956.7.0a0
  - libcxx
  - libllvm23 >=23.1.0,<23.2.0a0
  - libzlib >=1.3.2,<2.0a0
  - llvm-tools 23.1.*
  - sigtool-codesign
  constrains:
  - cctools 1030.6.3.*
  - clang 23.1.*
  - ld64 956.6.*
  license: APSL-2.0
  license_family: Other
  run_exports: {}
  size: 752844
  timestamp: 1787725181784
- conda: https://conda.anaconda.org/conda-forge/osx-64/cctools_osx-64-1030.6.3-llvm23_1_h254e556_6.conda
  sha256: e84d7bac69e270d023b60e37dfed73bd9617137d91be69cae39816f6e00604c3
  md5: d049b4612fa0f34f967aae0bf53b386c
  depends:
  - cctools_impl_osx-64 1030.6.3 llvm23_1_h3bd330e_6
  - ld64_osx-64 956.6 llvm23_1_h484b24f_6
  constrains:
  - cctools 1030.6.3.*
  license: APSL-2.0
  license_family: Other
  run_exports: {}
  size: 23531
  timestamp: 1787725221261
- conda: https://conda.anaconda.org/conda-forge/osx-64/clang-23-23.1.1-default_h657ec97_0.conda
  sha256: 02f2a4a395093640a0a599e970dc5d8fcbda91e135d151b8b76529b4cf42a323
  md5: 853eab199b083599e85d15b153e5fa36
  depends:
  - compiler-rt23 ==23.1.1
  - libclang-cpp23.1 ==23.1.1 default_h6e863b9_0
  - libcxx >=23.1.1
  - __osx >=11.0
  - libzlib >=1.3.2,<2.0a0
  - libxml2
  - libxml2-16 >=2.15.4
  - zstd >=1.5.7,<1.6.0a0
  - libclang-cpp23.1 >=23.1.1,<23.2.0a0
  - libllvm23 >=23.1.1,<23.2.0a0
  license: Apache-2.0 WITH LLVM-exception
  license_family: APACHE
  run_exports: {}
  size: 956847
  timestamp: 1788986368454
- conda: https://conda.anaconda.org/conda-forge/osx-64/clang-scan-deps-23.1.1-default_h6e863b9_0.conda
  sha256: ad61145e6a6da57268a43b432cd80516b5a9036bef44737964d1c5895302ca68
  md5: a0ef6553b29e91b4dc46d81a0efda7e8
  depends:
  - libclang13 >=23.1.1
  - libclang-cpp23.1 >=23.1.1,<23.2.0a0
  - libcxx >=23.1.1
  - __osx >=11.0
  - libzlib >=1.3.2,<2.0a0
  - libxml2
  - libxml2-16 >=2.15.4
  - zstd >=1.5.7,<1.6.0a0
  - libllvm23 >=23.1.1,<23.2.0a0
  license: Apache-2.0 WITH LLVM-exception
  license_family: APACHE
  run_exports: {}
  size: 122821
  timestamp: 1788986368454
- conda: https://conda.anaconda.org/conda-forge/osx-64/clang_impl_osx-64-23.1.1-default_h6e863b9_0.conda
  sha256: 89981f667b53153a47c9daf2b9e7e2f54e8b478141fd98246a07df88757b254b
  md5: 0a9f8cbc95727edd1d698bd6b1d3ed14
  depends:
  - clang-23 ==23.1.1 default_*
  - compiler-rt_osx-64 ==23.1.1
  - compiler-rt ==23.1.1
  - cctools_impl_osx-64
  - ld64_osx-64 * llvm23_1_*
  - __osx >=11.0
  - libzlib >=1.3.2,<2.0a0
  - libxml2
  - libxml2-16 >=2.15.4
  - zstd >=1.5.7,<1.6.0a0
  license: Apache-2.0 WITH LLVM-exception
  license_family: APACHE
  run_exports: {}
  size: 31868
  timestamp: 1788986368454
- conda: https://conda.anaconda.org/conda-forge/osx-64/clang_osx-64-23.1.1-hb16dbcb_34.conda
  sha256: 83749544575b24ac50a3652f4f6ac1f6d5a62f9a716bf93dc793687c8e4f7e87
  md5: fde48916681a33ddc5183f8735611630
  depends:
  - cctools_osx-64
  - clang_impl_osx-64 23.1.1.*
  - sdkroot_env_osx-64
  license: BSD-3-Clause
  license_family: BSD
  run_exports: {}
  size: 20549
  timestamp: 1789019729927
- conda: https://conda.anaconda.org/conda-forge/osx-64/clangxx_impl_osx-64-23.1.1-default_hbbb627c_0.conda
  sha256: b07dd4ce2d9e09aeb1e8e66ed3d6aea63b91d0cb3b794b1cb5c32b76d928fadb
  md5: d0370fdd79504e85727f41fb18dbcac8
  depends:
  - clang-23 ==23.1.1 default_*
  - clang_impl_osx-64 ==23.1.1 default_h6e863b9_0
  - clang-scan-deps ==23.1.1 default_h6e863b9_0
  - libcxx-devel 23.1.*
  - __osx >=11.0
  - libzlib >=1.3.2,<2.0a0
  - libxml2
  - libxml2-16 >=2.15.4
  - zstd >=1.5.7,<1.6.0a0
  license: Apache-2.0 WITH LLVM-exception
  license_family: APACHE
  run_exports: {}
  size: 31985
  timestamp: 1788986368454
- conda: https://conda.anaconda.org/conda-forge/osx-64/clangxx_osx-64-23.1.1-hb16dbcb_34.conda
  sha256: 969a68886228176c5aa36e19ec00e91e541c78630f1c96c3cb7ebd0f69a8c96b
  md5: 7eb1d16928f11a097c34867768db0514
  depends:
  - cctools_osx-64
  - clang_osx-64 23.1.1 hb16dbcb_34
  - clangxx_impl_osx-64 23.1.1.*
  - sdkroot_env_osx-64
  license: BSD-3-Clause
  license_family: BSD
  run_exports:
    strong:
    - libcxx >=23
  size: 19272
  timestamp: 1789019736314
- conda: https://conda.anaconda.org/conda-forge/osx-64/compiler-rt-23.1.1-h694c41f_0.conda
  sha256: 88db1837b133f28443f0742fa174d76f929266ac17c64373b154a313888a34c6
  md5: 57a199800e30a6c9b90da32a85789c72
  depends:
  - compiler-rt23 23.1.1 h8c1e6b9_0
  - libcompiler-rt 23.1.1 h8c1e6b9_0
  constrains:
  - clang 23.1.1
  license: Apache-2.0 WITH LLVM-exception
  license_family: APACHE
  run_exports: {}
  size: 16647
  timestamp: 1788955398875
- conda: https://conda.anaconda.org/conda-forge/osx-64/compiler-rt23-23.1.1-h8c1e6b9_0.conda
  sha256: 044c6cba2a833ea3ecae5d642fabdf0b6575f0d57bdc32bf53dc84cbc39c600e
  md5: 644cd86a2910d0e81767fa08437ea5e4
  depends:
  - __osx >=11.0
  - compiler-rt23_osx-64 23.1.1.*
  license: Apache-2.0 WITH LLVM-exception
  license_family: APACHE
  run_exports: {}
  size: 100885
  timestamp: 1788955394326
- conda: https://conda.anaconda.org/conda-forge/osx-64/ld64_osx-64-956.6-llvm23_1_h484b24f_6.conda
  sha256: 36c603caf2a7f65ae9f0ce4acbf7afde49357bdcea65b28ca7aefd9cf46c1f5a
  md5: 27009650a65db7f0faca68367a06b9f7
  depends:
  - __osx >=11.0
  - libcxx
  - libllvm23 >=23.1.0,<23.2.0a0
  - sigtool-codesign
  - tapi >=1600.0.11.8,<1601.0a0
  constrains:
  - cctools 1030.6.3.*
  - cctools_impl_osx-64 1030.6.3.*
  - clang 23.1.*
  - ld64 956.6.*
  license: APSL-2.0
  license_family: Other
  run_exports: {}
  size: 1048502
  timestamp: 1787725115201
- conda: https://conda.anaconda.org/conda-forge/osx-64/libclang-cpp23.1-23.1.1-default_h6e863b9_0.conda
  sha256: 3496171d030148f7037a4bf9c2747d437cb9863cbad7af61750adada9bce43bc
  md5: 297bc81765fb59ecb872ab22a11d8669
  depends:
  - libcxx >=23.1.1
  - __osx >=11.0
  - libzlib >=1.3.2,<2.0a0
  - libxml2
  - libxml2-16 >=2.15.4
  - zstd >=1.5.7,<1.6.0a0
  - libllvm23 >=23.1.1,<23.2.0a0
  license: Apache-2.0 WITH LLVM-exception
  license_family: APACHE
  run_exports:
    weak:
    - libclang-cpp23.1 >=23.1.1,<23.2.0a0
  size: 17900559
  timestamp: 1788986368454
- conda: https://conda.anaconda.org/conda-forge/osx-64/libclang13-23.1.1-default_h657ec97_0.conda
  sha256: a22257a5f1af1da445eff94fa4afb71ff948334a10d3bbf7f4e75f468d559c54
  md5: 6cb157e608ad2bed944821a2171687fb
  depends:
  - libclang-cpp23.1 ==23.1.1 default_h6e863b9_0
  - libcxx >=23.1.1
  - __osx >=11.0
  - libzlib >=1.3.2,<2.0a0
  - libxml2
  - libxml2-16 >=2.15.4
  - zstd >=1.5.7,<1.6.0a0
  - libllvm23 >=23.1.1,<23.2.0a0
  license: Apache-2.0 WITH LLVM-exception
  license_family: APACHE
  run_exports:
    weak:
    - libclang13 >=23.1.1
  size: 11366700
  timestamp: 1788986368454
- conda: https://conda.anaconda.org/conda-forge/osx-64/libcompiler-rt-23.1.1-h8c1e6b9_0.conda
  sha256: d25814265ca0901cb54be9211adda63113eb3cc777a18c8ef5373db206456812
  md5: 034c1b52ceffbbe4ec559c4f244d5a02
  depends:
  - __osx >=11.0
  constrains:
  - compiler-rt >=9.0.1
  license: Apache-2.0 WITH LLVM-exception
  license_family: APACHE
  run_exports:
    weak:
    - libcompiler-rt >=23.1.1
  size: 1379127
  timestamp: 1788955354317
- conda: https://conda.anaconda.org/conda-forge/osx-64/libcxx-23.1.2-h19cb2f5_0.conda
  sha256: 0ad8c788c3681674f100820cf5e76fcc8ec88502e7aa64f4776581985009a7be
  md5: 777bab0f24c6dc33b8a9ec8025653e41
  depends:
  - __osx >=11.0
  license: Apache-2.0 WITH LLVM-exception
  license_family: Apache
  run_exports: {}
  size: 576040
  timestamp: 1790163953924
- conda: https://conda.anaconda.org/conda-forge/osx-64/libcxx-devel-23.1.2-h7c275be_0.conda
  sha256: 5e8c3c2ec418e83291d1bc52d055af682f5c66599cbbe222b6b38f2f7d6cb642
  md5: 4e6dfb5c9161c59c78e7281856288c36
  depends:
  - libcxx >=23.1.2
  - libcxx-headers >=23.1.2,<23.1.3.0a0
  license: Apache-2.0 WITH LLVM-exception
  license_family: Apache
  run_exports: {}
  size: 21974
  timestamp: 1790163985178
- conda: https://conda.anaconda.org/conda-forge/osx-64/libiconv-1.18-h4ae439b_3.conda
  sha256: 2389e03a58ed0f5e8f2469eb4d4ba80d0af378b38854ae5eee65e5b641244082
  md5: 9fd2f77288f43e462ccc6b0e5f018c89
  depends:
  - __osx >=11.0
  license: LGPL-2.1-only
  run_exports:
    weak:
    - libiconv >=1.18,<2.0a0
  size: 736150
  timestamp: 1787034707041
- conda: https://conda.anaconda.org/conda-forge/osx-64/libllvm23-23.1.2-hd11396f_0.conda
  sha256: f6174a6f25f900bbcebaa6461ad7152937ff5769e6dbec500a385c321e5adbc2
  md5: 37a5c2da1ad1626d6dea6c3d94a60e5c
  depends:
  - __osx >=11.0
  - libcxx >=21
  - libxml2
  - libxml2-16 >=2.15.4
  - libzlib >=1.3.2,<2.0a0
  - zstd >=1.5.7,<1.6.0a0
  license: Apache-2.0 WITH LLVM-exception
  license_family: Apache
  run_exports:
    weak:
    - libllvm23 >=23.1.2,<23.2.0a0
  size: 33411262
  timestamp: 1790170337003
- conda: https://conda.anaconda.org/conda-forge/osx-64/liblzma-5.8.3-hbb4bfdb_1.conda
  sha256: 7915dac7c71c208e40e716e2f6d3eff41a8d5584e0e7c2d46f9bf9bd5f9aa739
  md5: daf49067580fbfeae3ac7f9535400494
  depends:
  - __osx >=11.0
  constrains:
  - xz 5.8.3.*
  license: 0BSD
  run_exports:
    weak:
    - liblzma >=5.8.3,<6.0a0
  size: 104919
  timestamp: 1786349094608
- conda: https://conda.anaconda.org/conda-forge/osx-64/libsigtool-0.1.3-h8c25ef7_1.conda
  sha256: c3d76ff04ebed64d00a7ff5106297a55af20082a3d3df0ea7dfb235f94ba31c3
  md5: acc366a7706c83b5364f5f81e1b4857b
  depends:
  - __osx >=11.0
  - openssl >=3.5.7,<4.0a0
  license: MIT
  license_family: MIT
  run_exports: {}
  size: 38559
  timestamp: 1786115361068
- conda: https://conda.anaconda.org/conda-forge/osx-64/libxml2-16-2.15.4-h341e563_0.conda
  sha256: bc284057b85e4a0ecc158598d81c3081fa58e9111969a05d3056ab7a8442c837
  md5: 73b097ecff26dd04ebb0133f12e6d768
  depends:
  - __osx >=11.0
  - libiconv >=1.18,<2.0a0
  - liblzma >=5.8.3,<6.0a0
  - libzlib >=1.3.2,<2.0a0
  constrains:
  - icu <0.0a0
  - libxml2 2.15.4
  license: MIT
  license_family: MIT
  run_exports: {}
  size: 498699
  timestamp: 1788635665366
- conda: https://conda.anaconda.org/conda-forge/osx-64/libxml2-2.15.4-h3668fe6_0.conda
  sha256: 9cf91223637981568c8fbd5c4dbbc1e6137592e919828554ae436bf259aa91d0
  md5: 49f8bc2da3e704b8520a0be94e43d360
  depends:
  - __osx >=11.0
  - libiconv >=1.18,<2.0a0
  - liblzma >=5.8.3,<6.0a0
  - libxml2-16 2.15.4 h341e563_0
  - libzlib >=1.3.2,<2.0a0
  constrains:
  - icu <0.0a0
  license: MIT
  license_family: MIT
  run_exports:
    weak:
    - libxml2
    - libxml2-16 >=2.15.4
  size: 41401
  timestamp: 1788635683771
- conda: https://conda.anaconda.org/conda-forge/osx-64/libzlib-1.3.2-hbb4bfdb_3.conda
  sha256: b2dba286dd6632292b12296e761193b5ef9fb0eaeecaa481f5ba9af72c0c18e1
  md5: 7d3fa28263bb7f8ea32db11f570a5bb6
  depends:
  - __osx >=11.0
  constrains:
  - zlib 1.3.2 *_3
  license: Zlib
  license_family: Other
  run_exports:
    weak:
    - libzlib >=1.3.2,<2.0a0
  size: 58993
  timestamp: 1785276808631
- conda: https://conda.anaconda.org/conda-forge/osx-64/llvm-tools-23-23.1.2-h36529c3_0.conda
  sha256: 5c12ec6e2f59444aa38ed1ab778ae3533a9d09b5c9c7c5e97e482dca81e9e08d
  md5: fe5f238742ca5739dc090040ef23f820
  depends:
  - __osx >=11.0
  - libcxx >=21
  - libllvm23 23.1.2 hd11396f_0
  - libzlib >=1.3.2,<2.0a0
  - zstd >=1.5.7,<1.6.0a0
  license: Apache-2.0 WITH LLVM-exception
  license_family: Apache
  run_exports: {}
  size: 19647529
  timestamp: 1790170836617
- conda: https://conda.anaconda.org/conda-forge/osx-64/llvm-tools-23.1.2-h8c1e6b9_0.conda
  sha256: bbf730a23807a089f2c2e9f1d460d03d49919291f97895b3aeb9593f6f0d6309
  md5: 6adc2b0907be1b77522d359ba3f62d5e
  depends:
  - __osx >=11.0
  - libllvm23 23.1.2 hd11396f_0
  - llvm-tools-23 23.1.2 h36529c3_0
  constrains:
  - clang       23.1.2
  - clang-tools 23.1.2
  - llvm        23.1.2
  - llvmdev     23.1.2
  license: Apache-2.0 WITH LLVM-exception
  license_family: Apache
  run_exports: {}
  size: 51803
  timestamp: 1790171050183
- conda: https://conda.anaconda.org/conda-forge/osx-64/ncurses-6.6-hcc0dc9a_1.conda
  sha256: 12c1d676b9a0e8109b576672519312c5428308f3f3d7706f8717e2f536d5d9e7
  md5: 88a79390f87c8f3334b9999a892e78d4
  depends:
  - __osx >=11.0
  license: X11 AND BSD-3-Clause
  run_exports:
    weak:
    - ncurses >=6.6,<7.0a0
  size: 834865
  timestamp: 1786356957789
- conda: https://conda.anaconda.org/conda-forge/osx-64/nim-2.2.6-heffb93a_0.conda
  sha256: 40b18b7b84fdd052fe118511f61d3dedac32492fbe0b72de31f2964db6615bfa
  md5: d3c960bed4a45ec0764be36fe8177b00
  depends:
  - __osx >=10.13
  - clang_osx-64
  - clangxx_osx-64
  - libcxx >=19
  - openssl >=1.1
  - pcre
  license: MIT
  license_family: MIT
  run_exports: {}
  size: 10190688
  timestamp: 1762146389856
- conda: https://conda.anaconda.org/conda-forge/osx-64/openssl-3.6.4-h332eb6d_0.conda
  sha256: 73d648d24f0994fd8641972848d74bd57b8d80888a64600643e3fe88a1b50545
  md5: 7a1b628e987d25df3ac6986d45bb0979
  depends:
  - __osx >=11.0
  - ca-certificates
  license: Apache-2.0
  license_family: Apache
  run_exports:
    weak:
    - openssl >=3.6.4,<4.0a0
  size: 2780873
  timestamp: 1787700098779
- conda: https://conda.anaconda.org/conda-forge/osx-64/pcre-8.45-he49afe7_0.tar.bz2
  sha256: 8002279cf4084fbf219f137c2bdef2825d076a5a57a14d1d922d7c5fa7872a5c
  md5: 0526850419e04ac003bc0b65a78dc4cc
  depends:
  - libcxx >=11.1.0
  license: BSD-3-Clause
  license_family: BSD
  run_exports:
    weak:
    - pcre >=8.45,<9.0a0
  size: 225590
  timestamp: 1623788896633
- conda: https://conda.anaconda.org/conda-forge/osx-64/sigtool-codesign-0.1.3-h8c25ef7_1.conda
  sha256: 37aac42f05e21b48a3b61b28ae624ed5a3d2acfcbaabf2cd10ef7762c4fb4c45
  md5: e7eb95a1f841fbbb8312dcd65963334f
  depends:
  - __osx >=11.0
  - libsigtool 0.1.3 h8c25ef7_1
  - openssl >=3.5.7,<4.0a0
  license: MIT
  license_family: MIT
  run_exports: {}
  size: 123458
  timestamp: 1786115396108
- conda: https://conda.anaconda.org/conda-forge/osx-64/tapi-1600.0.11.8-h44950e2_4.conda
  sha256: 045e62838ec78ad75974552ebeeccbee5a4a843272da47c7a67e99fd9cc25d8d
  md5: a70697fe1077cb11e33b11d6f6610314
  depends:
  - libcxx >=19.0.0.a0
  - __osx >=11.0
  - ncurses >=6.6,<7.0a0
  license: NCSA
  run_exports: {}
  size: 216045
  timestamp: 1789668322695
- conda: https://conda.anaconda.org/conda-forge/osx-64/zstd-1.5.7-hbc1a06c_7.conda
  sha256: 5277886d9704a624dc9b79ac985861e1e431bdb39a57c082507ab577a138ec6c
  md5: c1d11f04327e40537ffe6cad5b131019
  depends:
  - __osx >=11.0
  - libzlib >=1.3.2,<2.0a0
  license: BSD-3-Clause
  license_family: BSD
  run_exports:
    weak:
    - zstd >=1.5.7,<1.6.0a0
  size: 528228
  timestamp: 1786599702092
